
Microsoft Visual Studio Solution File, Format Version 12.00
# Visual Studio 15
VisualStudioVersion = 15.0.28010.2003
MinimumVisualStudioVersion = 10.0.40219.1
Project("{FAE04EC0-301F-11D3-BF4B-00C04F79EFBC}") = "ConsoleApp1", "ConsoleApp1\ConsoleApp1.csproj", "{7BFDCFA0-2C1E-4278-B979-E49335B33F52}"
EndProject
Global
	GlobalSection(SolutionConfigurationPlatforms) = preSolution
		Debug|Any CPU = Debug|Any CPU
		Release|Any CPU = Release|Any CPU
	EndGlobalSection
	GlobalSection(ProjectConfigurationPlatforms) = postSolution
		{7BFDCFA0-2C1E-4278-B979-E49335B33F52}.Debug|Any CPU.ActiveCfg = Debug|Any CPU
		{7BFDCFA0-2C1E-4278-B979-E49335B33F52}.Debug|Any CPU.Build.0 = Debug|Any CPU
		{7BFDCFA0-2C1E-4278-B979-E49335B33F52}.Release|Any CPU.ActiveCfg = Release|Any CPU
		{7BFDCFA0-2C1E-4278-B979-E49335B33F52}.Release|Any CPU.Build.0 = Release|Any CPU
	EndGlobalSection
	GlobalSection(SolutionProperties) = preSolution
		HideSolutionNode = FALSE
	EndGlobalSection
	GlobalSection(ExtensibilityGlobals) = postSolution
		SolutionGuid = {ADF59485-C7E0-4601-B040-C1DECEDC1B6D}
	EndGlobalSection
EndGlobal
